
Microsoft Visual Studio Solution File, Format Version 12.00
Project("{FAE04EC0-301F-11D3-BF4B-00C04F79EFBC}") = "LambdaAotDynamoDbTemplate", "LambdaAotDynamoDbTemplate\LambdaAotDynamoDbTemplate.csproj", "{378802FE-6D2C-446C-B1DC-BBE82195EA85}"
EndProject
Global
	GlobalSection(SolutionConfigurationPlatforms) = preSolution
		Debug|Any CPU = Debug|Any CPU
		Release|Any CPU = Release|Any CPU
	EndGlobalSection
	GlobalSection(ProjectConfigurationPlatforms) = postSolution
		{378802FE-6D2C-446C-B1DC-BBE82195EA85}.Debug|Any CPU.ActiveCfg = Debug|Any CPU
		{378802FE-6D2C-446C-B1DC-BBE82195EA85}.Debug|Any CPU.Build.0 = Debug|Any CPU
		{378802FE-6D2C-446C-B1DC-BBE82195EA85}.Release|Any CPU.ActiveCfg = Release|Any CPU
		{378802FE-6D2C-446C-B1DC-BBE82195EA85}.Release|Any CPU.Build.0 = Release|Any CPU
	EndGlobalSection
EndGlobal
